<?xml version="1.0" encoding="utf-8"?>
<Project ToolsVersion="4.0" xmlns="http://schemas.microsoft.com/developer/msbuild/2003">
  <ItemGroup>
    <Filter Include="Source Files">
      <UniqueIdentifier>{2ccc842d-74ef-4e12-88cf-5f0d6ca94a54}</UniqueIdentifier>
      <Extensions>cpp;c;cxx;rc;def;r;odl;idl;hpj;bat</Extensions>
    </Filter>
    <Filter Include="Header Files">
      <UniqueIdentifier>{2e911b7f-52f5-47c8-9a21-7fba88e55d37}</UniqueIdentifier>
      <Extensions>h;hpp;hxx;hm;inl</Extensions>
    </Filter>
    <Filter Include="Resource Files">
      <UniqueIdentifier>{91f118bd-57d1-4fc5-ae8e-560da6a72cf6}</UniqueIdentifier>
      <Extensions>ico;cur;bmp;dlg;rc2;rct;bin;rgs;gif;jpg;jpeg;jpe</Extensions>
    </Filter>
  </ItemGroup>
  <ItemGroup>
    <ClCompile Include="DbMngr.cpp">
      <Filter>Source Files</Filter>
    </ClCompile>
    <ClCompile Include="DlgAddKey.cpp">
      <Filter>Source Files</Filter>
    </ClCompile>
    <ClCompile Include="..\JLkit\JLkitSocket.cpp">
      <Filter>Source Files</Filter>
    </ClCompile>
    <ClCompile Include="JLSrvr.cpp">
      <Filter>Source Files</Filter>
    </ClCompile>
    <ClCompile Include="JLSrvrDoc.cpp">
      <Filter>Source Files</Filter>
    </ClCompile>
    <ClCompile Include="JLSrvrView.cpp">
      <Filter>Source Files</Filter>
    </ClCompile>
    <ClCompile Include="ListenSocket.cpp">
      <Filter>Source Files</Filter>
    </ClCompile>
    <ClCompile Include="..\common\logger.cpp">
      <Filter>Source Files</Filter>
    </ClCompile>
    <ClCompile Include="MainFrm.cpp">
      <Filter>Source Files</Filter>
    </ClCompile>
    <ClCompile Include="..\common\MSJEXHND.cpp">
      <Filter>Source Files</Filter>
    </ClCompile>
    <ClCompile Include="StdAfx.cpp">
      <Filter>Source Files</Filter>
    </ClCompile>
  </ItemGroup>
  <ItemGroup>
    <ResourceCompile Include="JLSrvr.rc">
      <Filter>Source Files</Filter>
    </ResourceCompile>
  </ItemGroup>
  <ItemGroup>
    <ClInclude Include="db_sql.h">
      <Filter>Header Files</Filter>
    </ClInclude>
    <ClInclude Include="DbMngr.h">
      <Filter>Header Files</Filter>
    </ClInclude>
    <ClInclude Include="DlgAddKey.h">
      <Filter>Header Files</Filter>
    </ClInclude>
    <ClInclude Include="..\JLkit\JLkitSocket.h">
      <Filter>Header Files</Filter>
    </ClInclude>
    <ClInclude Include="JLSrvr.h">
      <Filter>Header Files</Filter>
    </ClInclude>
    <ClInclude Include="JLSrvrDoc.h">
      <Filter>Header Files</Filter>
    </ClInclude>
    <ClInclude Include="JLSrvrView.h">
      <Filter>Header Files</Filter>
    </ClInclude>
    <ClInclude Include="ListenSocket.h">
      <Filter>Header Files</Filter>
    </ClInclude>
    <ClInclude Include="MainFrm.h">
      <Filter>Header Files</Filter>
    </ClInclude>
    <ClInclude Include="..\common\MSJEXHND.h">
      <Filter>Header Files</Filter>
    </ClInclude>
    <ClInclude Include="Resource.h">
      <Filter>Header Files</Filter>
    </ClInclude>
    <ClInclude Include="StdAfx.h">
      <Filter>Header Files</Filter>
    </ClInclude>
  </ItemGroup>
  <ItemGroup>
    <Image Include="res\JLSrvr.ico">
      <Filter>Resource Files</Filter>
    </Image>
    <Image Include="res\JLSrvrDoc.ico">
      <Filter>Resource Files</Filter>
    </Image>
    <Image Include="res\Toolbar.bmp">
      <Filter>Resource Files</Filter>
    </Image>
  </ItemGroup>
  <ItemGroup>
    <Text Include="ReadMe.txt" />
  </ItemGroup>
  <ItemGroup>
    <CustomBuild Include="res\default1.bin">
      <Filter>Resource Files</Filter>
    </CustomBuild>
    <CustomBuild Include="res\JLSrvr.rc2">
      <Filter>Resource Files</Filter>
    </CustomBuild>
  </ItemGroup>
</Project>