
Microsoft Visual Studio Solution File, Format Version 12.00
# Visual Studio 2012
Project("{8BC9CEB8-8B4A-11D0-8D11-00A0C91BC942}") = "JLSrvr", "JLSrvr\JLSrvr.vcxproj", "{ED5B11F7-57A8-4E72-916F-0187F6E9F13E}"
EndProject
Project("{8BC9CEB8-8B4A-11D0-8D11-00A0C91BC942}") = "JLkit", "JLkit\JLkit.vcxproj", "{3683610A-DF5B-47F0-AE64-B8C7702A1CBF}"
EndProject
Project("{8BC9CEB8-8B4A-11D0-8D11-00A0C91BC942}") = "JLnp", "JLnp\JLnp.vcxproj", "{AB740B0D-00CB-4CDA-9F2F-DC0ADE5DB696}"
EndProject
Project("{8BC9CEB8-8B4A-11D0-8D11-00A0C91BC942}") = "JLwg", "JLwg\JLwg.vcxproj", "{B0B49D0E-2186-47E7-9769-7A557D5A6943}"
EndProject
Project("{8BC9CEB8-8B4A-11D0-8D11-00A0C91BC942}") = "tester", "tester\tester.vcxproj", "{F126B067-0520-4CD2-8BBE-2448F99BEDDB}"
EndProject
Global
	GlobalSection(SolutionConfigurationPlatforms) = preSolution
		Release|Win32 = Release|Win32
		Template|Win32 = Template|Win32
	EndGlobalSection
	GlobalSection(ProjectConfigurationPlatforms) = postSolution
		{ED5B11F7-57A8-4E72-916F-0187F6E9F13E}.Release|Win32.ActiveCfg = Release|Win32
		{ED5B11F7-57A8-4E72-916F-0187F6E9F13E}.Release|Win32.Build.0 = Release|Win32
		{ED5B11F7-57A8-4E72-916F-0187F6E9F13E}.Template|Win32.ActiveCfg = Release|Win32
		{ED5B11F7-57A8-4E72-916F-0187F6E9F13E}.Template|Win32.Build.0 = Release|Win32
		{3683610A-DF5B-47F0-AE64-B8C7702A1CBF}.Release|Win32.ActiveCfg = Release|Win32
		{3683610A-DF5B-47F0-AE64-B8C7702A1CBF}.Release|Win32.Build.0 = Release|Win32
		{3683610A-DF5B-47F0-AE64-B8C7702A1CBF}.Template|Win32.ActiveCfg = Template|Win32
		{3683610A-DF5B-47F0-AE64-B8C7702A1CBF}.Template|Win32.Build.0 = Template|Win32
		{AB740B0D-00CB-4CDA-9F2F-DC0ADE5DB696}.Release|Win32.ActiveCfg = Release|Win32
		{AB740B0D-00CB-4CDA-9F2F-DC0ADE5DB696}.Release|Win32.Build.0 = Release|Win32
		{AB740B0D-00CB-4CDA-9F2F-DC0ADE5DB696}.Template|Win32.ActiveCfg = Template|Win32
		{AB740B0D-00CB-4CDA-9F2F-DC0ADE5DB696}.Template|Win32.Build.0 = Template|Win32
		{B0B49D0E-2186-47E7-9769-7A557D5A6943}.Release|Win32.ActiveCfg = Release|Win32
		{B0B49D0E-2186-47E7-9769-7A557D5A6943}.Release|Win32.Build.0 = Release|Win32
		{B0B49D0E-2186-47E7-9769-7A557D5A6943}.Template|Win32.ActiveCfg = Template|Win32
		{B0B49D0E-2186-47E7-9769-7A557D5A6943}.Template|Win32.Build.0 = Template|Win32
		{F126B067-0520-4CD2-8BBE-2448F99BEDDB}.Release|Win32.ActiveCfg = Release|Win32
		{F126B067-0520-4CD2-8BBE-2448F99BEDDB}.Release|Win32.Build.0 = Release|Win32
		{F126B067-0520-4CD2-8BBE-2448F99BEDDB}.Template|Win32.ActiveCfg = Template|Win32
		{F126B067-0520-4CD2-8BBE-2448F99BEDDB}.Template|Win32.Build.0 = Template|Win32
	EndGlobalSection
	GlobalSection(SolutionProperties) = preSolution
		HideSolutionNode = FALSE
	EndGlobalSection
EndGlobal
