
Microsoft Visual Studio Solution File, Format Version 10.00
# Visual Studio 2008
Project("{8BC9CEB8-8B4A-11D0-8D11-00A0C91BC942}") = "JLSrvr", "JLSrvr\JLSrvr.vcproj", "{088998A1-BC76-4445-B242-F7106BBE0257}"
EndProject
Project("{8BC9CEB8-8B4A-11D0-8D11-00A0C91BC942}") = "JLkit", "JLkit\JLkit.vcproj", "{1C71C9D8-5BE8-4114-AE37-396F07B75ED9}"
EndProject
Project("{8BC9CEB8-8B4A-11D0-8D11-00A0C91BC942}") = "JLnp", "JLnp\JLnp.vcproj", "{181FC39F-C782-4932-BB43-35BB44246679}"
EndProject
Project("{8BC9CEB8-8B4A-11D0-8D11-00A0C91BC942}") = "JLwg", "JLwg\JLwg.vcproj", "{BBAE321D-99BF-493B-A027-355A191E5FCE}"
EndProject
Project("{8BC9CEB8-8B4A-11D0-8D11-00A0C91BC942}") = "tester", "tester\tester.vcproj", "{42F0C6A0-7440-4406-87B9-E1F943B5098A}"
EndProject
Global
	GlobalSection(SolutionConfigurationPlatforms) = preSolution
		Release|Win32 = Release|Win32
	EndGlobalSection
	GlobalSection(ProjectConfigurationPlatforms) = postSolution
		{088998A1-BC76-4445-B242-F7106BBE0257}.Release|Win32.ActiveCfg = Release|Win32
		{088998A1-BC76-4445-B242-F7106BBE0257}.Release|Win32.Build.0 = Release|Win32
		{1C71C9D8-5BE8-4114-AE37-396F07B75ED9}.Release|Win32.ActiveCfg = Release|Win32
		{1C71C9D8-5BE8-4114-AE37-396F07B75ED9}.Release|Win32.Build.0 = Release|Win32
		{181FC39F-C782-4932-BB43-35BB44246679}.Release|Win32.ActiveCfg = Release|Win32
		{181FC39F-C782-4932-BB43-35BB44246679}.Release|Win32.Build.0 = Release|Win32
		{BBAE321D-99BF-493B-A027-355A191E5FCE}.Release|Win32.ActiveCfg = Release|Win32
		{BBAE321D-99BF-493B-A027-355A191E5FCE}.Release|Win32.Build.0 = Release|Win32
		{42F0C6A0-7440-4406-87B9-E1F943B5098A}.Release|Win32.ActiveCfg = Release|Win32
		{42F0C6A0-7440-4406-87B9-E1F943B5098A}.Release|Win32.Build.0 = Release|Win32
	EndGlobalSection
	GlobalSection(SolutionProperties) = preSolution
		HideSolutionNode = FALSE
	EndGlobalSection
EndGlobal
