<?xml version="1.0" encoding="utf-8"?>
<Project ToolsVersion="4.0" xmlns="http://schemas.microsoft.com/developer/msbuild/2003">
  <ItemGroup>
    <Filter Include="Source Files">
      <UniqueIdentifier>{5973ed1a-8d87-4aa7-aa59-4d53689649bf}</UniqueIdentifier>
      <Extensions>cpp;c;cxx;rc;def;r;odl;idl;hpj;bat</Extensions>
    </Filter>
    <Filter Include="Header Files">
      <UniqueIdentifier>{53c69fe6-89ef-4aa6-b794-5d6edafbf7b4}</UniqueIdentifier>
      <Extensions>h;hpp;hxx;hm;inl</Extensions>
    </Filter>
    <Filter Include="Resource Files">
      <UniqueIdentifier>{4fe978b4-5bb3-4fb6-908a-b322e31b959e}</UniqueIdentifier>
      <Extensions>ico;cur;bmp;dlg;rc2;rct;bin;rgs;gif;jpg;jpeg;jpe</Extensions>
    </Filter>
  </ItemGroup>
  <ItemGroup>
    <ClCompile Include="..\common\CHook.cpp">
      <Filter>Source Files</Filter>
    </ClCompile>
    <ClCompile Include="CombatBoss.cpp">
      <Filter>Source Files</Filter>
    </ClCompile>
    <ClCompile Include="ConfigQhPage.cpp">
      <Filter>Source Files</Filter>
    </ClCompile>
    <ClCompile Include="DataDlg.cpp">
      <Filter>Source Files</Filter>
    </ClCompile>
    <ClCompile Include="gamecall.cpp">
      <Filter>Source Files</Filter>
    </ClCompile>
    <ClCompile Include="GamecallEx.cpp">
      <Filter>Source Files</Filter>
    </ClCompile>
    <ClCompile Include="GameConfig.cpp">
      <Filter>Source Files</Filter>
    </ClCompile>
    <ClCompile Include="GameHook.cpp">
      <Filter>Source Files</Filter>
    </ClCompile>
    <ClCompile Include="GameSpend.cpp">
      <Filter>Source Files</Filter>
    </ClCompile>
    <ClCompile Include="JLDlg.cpp">
      <Filter>Source Files</Filter>
    </ClCompile>
    <ClCompile Include="..\JLkit\JLkitSocket.cpp">
      <Filter>Source Files</Filter>
    </ClCompile>
    <ClCompile Include="JLwg.cpp">
      <Filter>Source Files</Filter>
    </ClCompile>
    <ClCompile Include="..\common\LDasm.cpp">
      <Filter>Source Files</Filter>
    </ClCompile>
    <ClCompile Include="..\common\logger.cpp">
      <Filter>Source Files</Filter>
    </ClCompile>
    <ClCompile Include="LuaPage.cpp">
      <Filter>Source Files</Filter>
    </ClCompile>
    <ClCompile Include="StdAfx.cpp">
      <Filter>Source Files</Filter>
    </ClCompile>
    <ClCompile Include="ToolDlg.cpp">
      <Filter>Source Files</Filter>
    </ClCompile>
  </ItemGroup>
  <ItemGroup>
    <ClInclude Include="..\common\CHook.h">
      <Filter>Header Files</Filter>
    </ClInclude>
    <ClInclude Include="CombatBoss.h">
      <Filter>Header Files</Filter>
    </ClInclude>
    <ClInclude Include="..\common\common.h">
      <Filter>Header Files</Filter>
    </ClInclude>
    <ClInclude Include="ConfigQhPage.h">
      <Filter>Header Files</Filter>
    </ClInclude>
    <ClInclude Include="DataDlg.h">
      <Filter>Header Files</Filter>
    </ClInclude>
    <ClInclude Include="gamecall.h">
      <Filter>Header Files</Filter>
    </ClInclude>
    <ClInclude Include="GamecallEx.h">
      <Filter>Header Files</Filter>
    </ClInclude>
    <ClInclude Include="GameConfig.h">
      <Filter>Header Files</Filter>
    </ClInclude>
    <ClInclude Include="gamedata-tw_new.h">
      <Filter>Header Files</Filter>
    </ClInclude>
    <ClInclude Include="gamedef.h">
      <Filter>Header Files</Filter>
    </ClInclude>
    <ClInclude Include="GameHook.h">
      <Filter>Header Files</Filter>
    </ClInclude>
    <ClInclude Include="GameSpend.h">
      <Filter>Header Files</Filter>
    </ClInclude>
    <ClInclude Include="gamestruct.h">
      <Filter>Header Files</Filter>
    </ClInclude>
    <ClInclude Include="JLDlg.h">
      <Filter>Header Files</Filter>
    </ClInclude>
    <ClInclude Include="..\JLkit\JLkitSocket.h">
      <Filter>Header Files</Filter>
    </ClInclude>
    <ClInclude Include="JLwg.h">
      <Filter>Header Files</Filter>
    </ClInclude>
    <ClInclude Include="LuaPage.h">
      <Filter>Header Files</Filter>
    </ClInclude>
    <ClInclude Include="resource.h">
      <Filter>Header Files</Filter>
    </ClInclude>
    <ClInclude Include="StdAfx.h">
      <Filter>Header Files</Filter>
    </ClInclude>
    <ClInclude Include="ToolDlg.h">
      <Filter>Header Files</Filter>
    </ClInclude>
  </ItemGroup>
  <ItemGroup>
    <ResourceCompile Include="JLwg.rc">
      <Filter>Resource Files</Filter>
    </ResourceCompile>
  </ItemGroup>
  <ItemGroup>
    <Text Include="ReadMe.txt" />
  </ItemGroup>
  <ItemGroup>
    <CustomBuild Include="res\default1.bin">
      <Filter>Resource Files</Filter>
    </CustomBuild>
  </ItemGroup>
</Project>