<?xml version="1.0" encoding="utf-8"?>
<Project ToolsVersion="4.0" xmlns="http://schemas.microsoft.com/developer/msbuild/2003">
  <ItemGroup>
    <Filter Include="Source Files">
      <UniqueIdentifier>{a8042ce1-d940-4bfc-9494-4eaef035d40e}</UniqueIdentifier>
      <Extensions>cpp;c;cxx;rc;def;r;odl;idl;hpj;bat</Extensions>
    </Filter>
    <Filter Include="Header Files">
      <UniqueIdentifier>{64d5a67e-4451-4b23-951c-5c9a12f75e51}</UniqueIdentifier>
      <Extensions>h;hpp;hxx;hm;inl</Extensions>
    </Filter>
    <Filter Include="Resource Files">
      <UniqueIdentifier>{dca328f6-4b37-46ae-b432-616322bc6c85}</UniqueIdentifier>
      <Extensions>ico;cur;bmp;dlg;rc2;rct;bin;rgs;gif;jpg;jpeg;jpe</Extensions>
    </Filter>
  </ItemGroup>
  <ItemGroup>
    <ClCompile Include="..\common\CCHook.cpp">
      <Filter>Source Files</Filter>
    </ClCompile>
    <ClCompile Include="..\common\CIniFile.cpp">
      <Filter>Source Files</Filter>
    </ClCompile>
    <ClCompile Include="ConfigItemPage.cpp">
      <Filter>Source Files</Filter>
    </ClCompile>
    <ClCompile Include="ConfigObjPage.cpp">
      <Filter>Source Files</Filter>
    </ClCompile>
    <ClCompile Include="ConfigQhPage.cpp">
      <Filter>Source Files</Filter>
    </ClCompile>
    <ClCompile Include="ConfigSheet.cpp">
      <Filter>Source Files</Filter>
    </ClCompile>
    <ClCompile Include="DataDlg.cpp">
      <Filter>Source Files</Filter>
    </ClCompile>
    <ClCompile Include="gamecall.cpp">
      <Filter>Source Files</Filter>
    </ClCompile>
    <ClCompile Include="GamecallEx.cpp">
      <Filter>Source Files</Filter>
    </ClCompile>
    <ClCompile Include="JLDlg.cpp">
      <Filter>Source Files</Filter>
    </ClCompile>
    <ClCompile Include="JLwg.cpp">
      <Filter>Source Files</Filter>
    </ClCompile>
    <ClCompile Include="..\common\LDasm.cpp">
      <Filter>Source Files</Filter>
    </ClCompile>
    <ClCompile Include="..\common\logger.cpp">
      <Filter>Source Files</Filter>
    </ClCompile>
    <ClCompile Include="..\common\ShareMem.cpp">
      <Filter>Source Files</Filter>
    </ClCompile>
    <ClCompile Include="StdAfx.cpp">
      <Filter>Source Files</Filter>
    </ClCompile>
    <ClCompile Include="TaskScript.cpp">
      <Filter>Source Files</Filter>
    </ClCompile>
  </ItemGroup>
  <ItemGroup>
    <ClInclude Include="..\common\CIniFile.h">
      <Filter>Source Files</Filter>
    </ClInclude>
    <ClInclude Include="..\common\CCHook.h">
      <Filter>Header Files</Filter>
    </ClInclude>
    <ClInclude Include="..\common\common.h">
      <Filter>Header Files</Filter>
    </ClInclude>
    <ClInclude Include="ConfigItemPage.h">
      <Filter>Header Files</Filter>
    </ClInclude>
    <ClInclude Include="ConfigObjPage.h">
      <Filter>Header Files</Filter>
    </ClInclude>
    <ClInclude Include="ConfigQhPage.h">
      <Filter>Header Files</Filter>
    </ClInclude>
    <ClInclude Include="ConfigSheet.h">
      <Filter>Header Files</Filter>
    </ClInclude>
    <ClInclude Include="DataDlg.h">
      <Filter>Header Files</Filter>
    </ClInclude>
    <ClInclude Include="gamecall.h">
      <Filter>Header Files</Filter>
    </ClInclude>
    <ClInclude Include="GamecallEx.h">
      <Filter>Header Files</Filter>
    </ClInclude>
    <ClInclude Include="gamestruct.h">
      <Filter>Header Files</Filter>
    </ClInclude>
    <ClInclude Include="JLDlg.h">
      <Filter>Header Files</Filter>
    </ClInclude>
    <ClInclude Include="JLkitDoc.h">
      <Filter>Header Files</Filter>
    </ClInclude>
    <ClInclude Include="JLwg.h">
      <Filter>Header Files</Filter>
    </ClInclude>
    <ClInclude Include="..\common\LDasm.h">
      <Filter>Header Files</Filter>
    </ClInclude>
    <ClInclude Include="..\common\logger.h">
      <Filter>Header Files</Filter>
    </ClInclude>
    <ClInclude Include="resource.h">
      <Filter>Header Files</Filter>
    </ClInclude>
    <ClInclude Include="..\common\ShareMem.h">
      <Filter>Header Files</Filter>
    </ClInclude>
    <ClInclude Include="StdAfx.h">
      <Filter>Header Files</Filter>
    </ClInclude>
    <ClInclude Include="TaskScript.h">
      <Filter>Header Files</Filter>
    </ClInclude>
  </ItemGroup>
  <ItemGroup>
    <ResourceCompile Include="JLwg.rc">
      <Filter>Resource Files</Filter>
    </ResourceCompile>
  </ItemGroup>
  <ItemGroup>
    <Text Include="ReadMe.txt" />
  </ItemGroup>
  <ItemGroup>
    <CustomBuild Include="default1.bin">
      <Filter>Resource Files</Filter>
    </CustomBuild>
    <CustomBuild Include="res\default1.bin">
      <Filter>Resource Files</Filter>
    </CustomBuild>
  </ItemGroup>
</Project>