<?xml version="1.0" encoding="utf-8"?>
<Project ToolsVersion="4.0" xmlns="http://schemas.microsoft.com/developer/msbuild/2003">
  <ItemGroup>
    <Filter Include="Source Files">
      <UniqueIdentifier>{d9117577-3ecc-42c6-ac8e-d7c3fbc67f8c}</UniqueIdentifier>
      <Extensions>cpp;c;cxx;rc;def;r;odl;idl;hpj;bat</Extensions>
    </Filter>
    <Filter Include="Header Files">
      <UniqueIdentifier>{0b32f215-0327-43b9-b65c-419b94a81a8f}</UniqueIdentifier>
      <Extensions>h;hpp;hxx;hm;inl</Extensions>
    </Filter>
    <Filter Include="Resource Files">
      <UniqueIdentifier>{43881d26-098b-4229-8c66-08b47904424a}</UniqueIdentifier>
      <Extensions>ico;cur;bmp;dlg;rc2;rct;bin;rgs;gif;jpg;jpeg;jpe</Extensions>
    </Filter>
  </ItemGroup>
  <ItemGroup>
    <ClCompile Include="BindKeyDlg.cpp">
      <Filter>Source Files</Filter>
    </ClCompile>
    <ClCompile Include="ConfigMgr.cpp">
      <Filter>Source Files</Filter>
    </ClCompile>
    <ClCompile Include="CVPNFile.cpp">
      <Filter>Source Files</Filter>
    </ClCompile>
    <ClCompile Include="..\common\Inject.cpp">
      <Filter>Source Files</Filter>
    </ClCompile>
    <ClCompile Include="JLkit.cpp">
      <Filter>Source Files</Filter>
    </ClCompile>
    <ClCompile Include="JLkitDoc.cpp">
      <Filter>Source Files</Filter>
    </ClCompile>
    <ClCompile Include="JLkitSocket.cpp">
      <Filter>Source Files</Filter>
    </ClCompile>
    <ClCompile Include="JLkitView.cpp">
      <Filter>Source Files</Filter>
    </ClCompile>
    <ClCompile Include="..\common\Job.cpp">
      <Filter>Source Files</Filter>
    </ClCompile>
    <ClCompile Include="Keyviewdlg.cpp">
      <Filter>Source Files</Filter>
    </ClCompile>
    <ClCompile Include="logindlg.cpp">
      <Filter>Source Files</Filter>
    </ClCompile>
    <ClCompile Include="LoginSheet.cpp">
      <Filter>Source Files</Filter>
    </ClCompile>
    <ClCompile Include="MainFrm.cpp">
      <Filter>Source Files</Filter>
    </ClCompile>
    <ClCompile Include="..\common\MSJEXHND.cpp">
      <Filter>Source Files</Filter>
    </ClCompile>
    <ClCompile Include="registdlg.cpp">
      <Filter>Source Files</Filter>
    </ClCompile>
    <ClCompile Include="settingdlg.cpp">
      <Filter>Source Files</Filter>
    </ClCompile>
    <ClCompile Include="StdAfx.cpp">
      <Filter>Source Files</Filter>
    </ClCompile>
    <ClCompile Include="..\common\webpost.cpp">
      <Filter>Source Files</Filter>
    </ClCompile>
    <ClCompile Include="..\common\WHService.cpp">
      <Filter>Source Files</Filter>
    </ClCompile>
  </ItemGroup>
  <ItemGroup>
    <ClInclude Include="BindKeyDlg.h">
      <Filter>Header Files</Filter>
    </ClInclude>
    <ClInclude Include="ConfigMgr.h">
      <Filter>Header Files</Filter>
    </ClInclude>
    <ClInclude Include="CVPNFile.h">
      <Filter>Header Files</Filter>
    </ClInclude>
    <ClInclude Include="..\common\inject.h">
      <Filter>Header Files</Filter>
    </ClInclude>
    <ClInclude Include="JLkit.h">
      <Filter>Header Files</Filter>
    </ClInclude>
    <ClInclude Include="JLkitDoc.h">
      <Filter>Header Files</Filter>
    </ClInclude>
    <ClInclude Include="JLkitSocket.h">
      <Filter>Header Files</Filter>
    </ClInclude>
    <ClInclude Include="JLkitView.h">
      <Filter>Header Files</Filter>
    </ClInclude>
    <ClInclude Include="Keyviewdlg.h">
      <Filter>Header Files</Filter>
    </ClInclude>
    <ClInclude Include="logindlg.h">
      <Filter>Header Files</Filter>
    </ClInclude>
    <ClInclude Include="LoginSheet.h">
      <Filter>Header Files</Filter>
    </ClInclude>
    <ClInclude Include="MainFrm.h">
      <Filter>Header Files</Filter>
    </ClInclude>
    <ClInclude Include="..\common\MSJEXHND.h">
      <Filter>Header Files</Filter>
    </ClInclude>
    <ClInclude Include="registdlg.h">
      <Filter>Header Files</Filter>
    </ClInclude>
    <ClInclude Include="Resource.h">
      <Filter>Header Files</Filter>
    </ClInclude>
    <ClInclude Include="settingdlg.h">
      <Filter>Header Files</Filter>
    </ClInclude>
    <ClInclude Include="StdAfx.h">
      <Filter>Header Files</Filter>
    </ClInclude>
    <ClInclude Include="..\common\webpost.h">
      <Filter>Header Files</Filter>
    </ClInclude>
    <ClInclude Include="..\common\WHService.h">
      <Filter>Header Files</Filter>
    </ClInclude>
  </ItemGroup>
  <ItemGroup>
    <Image Include="res\BnSClient.ico">
      <Filter>Resource Files</Filter>
    </Image>
    <Image Include="res\JLkit.ico">
      <Filter>Resource Files</Filter>
    </Image>
    <Image Include="res\title.bmp">
      <Filter>Resource Files</Filter>
    </Image>
    <Image Include="res\toolbar1.bmp">
      <Filter>Resource Files</Filter>
    </Image>
  </ItemGroup>
  <ItemGroup>
    <ResourceCompile Include="JLkit.rc">
      <Filter>Resource Files</Filter>
    </ResourceCompile>
  </ItemGroup>
  <ItemGroup>
    <Text Include="ReadMe.txt" />
  </ItemGroup>
  <ItemGroup>
    <CustomBuild Include="res\default1.bin">
      <Filter>Resource Files</Filter>
    </CustomBuild>
    <CustomBuild Include="res\JLkit.rc2">
      <Filter>Resource Files</Filter>
    </CustomBuild>
  </ItemGroup>
</Project>